
Microsoft Visual Studio Solution File, Format Version 12.00
# Visual Studio Version 16
VisualStudioVersion = 16.0.31321.278
MinimumVisualStudioVersion = 10.0.40219.1
Project("{FAE04EC0-301F-11D3-BF4B-00C04F79EFBC}") = "Banking Application", "Banking Application\Banking Application.csproj", "{58932FF8-CBC3-4E71-82F6-0633303CD904}"
EndProject
Project("{FAE04EC0-301F-11D3-BF4B-00C04F79EFBC}") = "BankingApplication.Tests", "BankingApplication.Tests\BankingApplication.Tests.csproj", "{D9A6CF5F-4D3C-438D-88DA-7C3CAE22FFEA}"
EndProject
Global
	GlobalSection(SolutionConfigurationPlatforms) = preSolution
		Debug|Any CPU = Debug|Any CPU
		Release|Any CPU = Release|Any CPU
	EndGlobalSection
	GlobalSection(ProjectConfigurationPlatforms) = postSolution
		{58932FF8-CBC3-4E71-82F6-0633303CD904}.Debug|Any CPU.ActiveCfg = Debug|Any CPU
		{58932FF8-CBC3-4E71-82F6-0633303CD904}.Debug|Any CPU.Build.0 = Debug|Any CPU
		{58932FF8-CBC3-4E71-82F6-0633303CD904}.Release|Any CPU.ActiveCfg = Release|Any CPU
		{58932FF8-CBC3-4E71-82F6-0633303CD904}.Release|Any CPU.Build.0 = Release|Any CPU
		{D9A6CF5F-4D3C-438D-88DA-7C3CAE22FFEA}.Debug|Any CPU.ActiveCfg = Debug|Any CPU
		{D9A6CF5F-4D3C-438D-88DA-7C3CAE22FFEA}.Debug|Any CPU.Build.0 = Debug|Any CPU
		{D9A6CF5F-4D3C-438D-88DA-7C3CAE22FFEA}.Release|Any CPU.ActiveCfg = Release|Any CPU
		{D9A6CF5F-4D3C-438D-88DA-7C3CAE22FFEA}.Release|Any CPU.Build.0 = Release|Any CPU
	EndGlobalSection
	GlobalSection(SolutionProperties) = preSolution
		HideSolutionNode = FALSE
	EndGlobalSection
	GlobalSection(ExtensibilityGlobals) = postSolution
		SolutionGuid = {9F223D55-D9FE-4B6D-9CCC-5FBAC664BD6B}
	EndGlobalSection
EndGlobal
